
Microsoft Visual Studio Solution File, Format Version 12.00
# Visual Studio Version 17
VisualStudioVersion = 17.7.34003.232
MinimumVisualStudioVersion = 10.0.40219.1
Project("{FAE04EC0-301F-11D3-BF4B-00C04F79EFBC}") = "APIDesafioBlip", "APIDesafioBlip\APIDesafioBlip.csproj", "{75F92FC3-4ABA-4462-BE18-62BA80CE9C73}"
EndProject
Global
	GlobalSection(SolutionConfigurationPlatforms) = preSolution
		Debug|Any CPU = Debug|Any CPU
		Release|Any CPU = Release|Any CPU
	EndGlobalSection
	GlobalSection(ProjectConfigurationPlatforms) = postSolution
		{75F92FC3-4ABA-4462-BE18-62BA80CE9C73}.Debug|Any CPU.ActiveCfg = Debug|Any CPU
		{75F92FC3-4ABA-4462-BE18-62BA80CE9C73}.Debug|Any CPU.Build.0 = Debug|Any CPU
		{75F92FC3-4ABA-4462-BE18-62BA80CE9C73}.Release|Any CPU.ActiveCfg = Release|Any CPU
		{75F92FC3-4ABA-4462-BE18-62BA80CE9C73}.Release|Any CPU.Build.0 = Release|Any CPU
	EndGlobalSection
	GlobalSection(SolutionProperties) = preSolution
		HideSolutionNode = FALSE
	EndGlobalSection
	GlobalSection(ExtensibilityGlobals) = postSolution
		SolutionGuid = {5AE69F21-5A3E-4E0E-A958-7A8580346EDE}
	EndGlobalSection
EndGlobal
